
Microsoft Visual Studio Solution File, Format Version 12.00
# Visual Studio 15
VisualStudioVersion = 15.0.28010.2048
MinimumVisualStudioVersion = 10.0.40219.1
Project("{9A19103F-16F7-4668-BE54-9A1E7A4F7556}") = "AMQP_HeaderExchangeTestPublisher", "AMQP_HeaderExchangeTest\AMQP_HeaderExchangeTestPublisher.csproj", "{F09246F2-830A-4752-BC42-0045792CAEF2}"
EndProject
Global
	GlobalSection(SolutionConfigurationPlatforms) = preSolution
		Debug|Any CPU = Debug|Any CPU
		Release|Any CPU = Release|Any CPU
	EndGlobalSection
	GlobalSection(ProjectConfigurationPlatforms) = postSolution
		{F09246F2-830A-4752-BC42-0045792CAEF2}.Debug|Any CPU.ActiveCfg = Debug|Any CPU
		{F09246F2-830A-4752-BC42-0045792CAEF2}.Debug|Any CPU.Build.0 = Debug|Any CPU
		{F09246F2-830A-4752-BC42-0045792CAEF2}.Release|Any CPU.ActiveCfg = Release|Any CPU
		{F09246F2-830A-4752-BC42-0045792CAEF2}.Release|Any CPU.Build.0 = Release|Any CPU
	EndGlobalSection
	GlobalSection(SolutionProperties) = preSolution
		HideSolutionNode = FALSE
	EndGlobalSection
	GlobalSection(ExtensibilityGlobals) = postSolution
		SolutionGuid = {E1BD5B8F-9A29-47BF-B785-E5B2CA85FB50}
	EndGlobalSection
EndGlobal
